
Microsoft Visual Studio Solution File, Format Version 12.00
# Visual Studio Version 17
VisualStudioVersion = 17.2.32519.379
MinimumVisualStudioVersion = 10.0.40219.1
Project("{FAE04EC0-301F-11D3-BF4B-00C04F79EFBC}") = "GitGruppOvning", "GitGruppOvning\GitGruppOvning.csproj", "{894AB3A0-FF7C-4B86-8BB8-7A956E49DCFA}"
EndProject
Global
	GlobalSection(SolutionConfigurationPlatforms) = preSolution
		Debug|Any CPU = Debug|Any CPU
		Release|Any CPU = Release|Any CPU
	EndGlobalSection
	GlobalSection(ProjectConfigurationPlatforms) = postSolution
		{894AB3A0-FF7C-4B86-8BB8-7A956E49DCFA}.Debug|Any CPU.ActiveCfg = Debug|Any CPU
		{894AB3A0-FF7C-4B86-8BB8-7A956E49DCFA}.Debug|Any CPU.Build.0 = Debug|Any CPU
		{894AB3A0-FF7C-4B86-8BB8-7A956E49DCFA}.Release|Any CPU.ActiveCfg = Release|Any CPU
		{894AB3A0-FF7C-4B86-8BB8-7A956E49DCFA}.Release|Any CPU.Build.0 = Release|Any CPU
	EndGlobalSection
	GlobalSection(SolutionProperties) = preSolution
		HideSolutionNode = FALSE
	EndGlobalSection
	GlobalSection(ExtensibilityGlobals) = postSolution
		SolutionGuid = {CF9B68D0-3A58-4C28-BCEC-FC884AA44D7F}
	EndGlobalSection
EndGlobal
